
Microsoft Visual Studio Solution File, Format Version 12.00
# Visual Studio Version 16
VisualStudioVersion = 16.0.30413.136
MinimumVisualStudioVersion = 10.0.40219.1
Project("{888888A0-9F3D-457C-B088-3A5042F75D52}") = "FHGen", "FHGen.pyproj", "{0507324C-DDE3-4810-95EC-063DA72E190C}"
EndProject
Global
	GlobalSection(SolutionConfigurationPlatforms) = preSolution
		Debug|Any CPU = Debug|Any CPU
		Release|Any CPU = Release|Any CPU
	EndGlobalSection
	GlobalSection(ProjectConfigurationPlatforms) = postSolution
		{0507324C-DDE3-4810-95EC-063DA72E190C}.Debug|Any CPU.ActiveCfg = Debug|Any CPU
		{0507324C-DDE3-4810-95EC-063DA72E190C}.Release|Any CPU.ActiveCfg = Release|Any CPU
	EndGlobalSection
	GlobalSection(SolutionProperties) = preSolution
		HideSolutionNode = FALSE
	EndGlobalSection
	GlobalSection(ExtensibilityGlobals) = postSolution
		SolutionGuid = {B1A0A380-D779-4C39-AF26-A3ABAB0F00D0}
	EndGlobalSection
EndGlobal
